
Microsoft Visual Studio Solution File, Format Version 12.00
# Visual Studio 15
VisualStudioVersion = 15.0.27703.2042
MinimumVisualStudioVersion = 10.0.40219.1
Project("{FAE04EC0-301F-11D3-BF4B-00C04F79EFBC}") = "msix.catalog.wad.test", "msix.catalog.wad.test.csproj", "{B2C5ADFF-D6B5-48C1-BB8C-571BFD583D7F}"
EndProject
Project("{2150E333-8FDC-42A3-9474-1A3956D46DE8}") = "Solution Items", "Solution Items", "{F472026E-0C64-48D0-B900-B2A2E7084F35}"
	ProjectSection(SolutionItems) = preProject
		TestSettings1.testsettings = TestSettings1.testsettings
	EndProjectSection
EndProject
Global
	GlobalSection(SolutionConfigurationPlatforms) = preSolution
		Debug|Any CPU = Debug|Any CPU
		Release|Any CPU = Release|Any CPU
	EndGlobalSection
	GlobalSection(ProjectConfigurationPlatforms) = postSolution
		{B2C5ADFF-D6B5-48C1-BB8C-571BFD583D7F}.Debug|Any CPU.ActiveCfg = Debug|Any CPU
		{B2C5ADFF-D6B5-48C1-BB8C-571BFD583D7F}.Debug|Any CPU.Build.0 = Debug|Any CPU
		{B2C5ADFF-D6B5-48C1-BB8C-571BFD583D7F}.Release|Any CPU.ActiveCfg = Release|Any CPU
		{B2C5ADFF-D6B5-48C1-BB8C-571BFD583D7F}.Release|Any CPU.Build.0 = Release|Any CPU
	EndGlobalSection
	GlobalSection(SolutionProperties) = preSolution
		HideSolutionNode = FALSE
	EndGlobalSection
	GlobalSection(ExtensibilityGlobals) = postSolution
		SolutionGuid = {0B2DF3F0-2A9A-47D4-BC8A-A1B640B3A63A}
	EndGlobalSection
EndGlobal
